
Microsoft Visual Studio Solution File, Format Version 12.00
# Visual Studio Version 16
VisualStudioVersion = 16.0.31105.61
MinimumVisualStudioVersion = 10.0.40219.1
Project("{9A19103F-16F7-4668-BE54-9A1E7A4F7556}") = "StatusInvestScraping.Console", "StatusInvestScraping.Console.csproj", "{5EE0B9C8-E20C-4EAE-8E88-177DE5925044}"
EndProject
Project("{9A19103F-16F7-4668-BE54-9A1E7A4F7556}") = "StatusInvestScraping", "..\src\StatusInvestScraping.csproj", "{505989C5-C99C-4F64-95F6-A9567BF635A2}"
EndProject
Global
	GlobalSection(SolutionConfigurationPlatforms) = preSolution
		Debug|Any CPU = Debug|Any CPU
		Release|Any CPU = Release|Any CPU
	EndGlobalSection
	GlobalSection(ProjectConfigurationPlatforms) = postSolution
		{5EE0B9C8-E20C-4EAE-8E88-177DE5925044}.Debug|Any CPU.ActiveCfg = Debug|Any CPU
		{5EE0B9C8-E20C-4EAE-8E88-177DE5925044}.Debug|Any CPU.Build.0 = Debug|Any CPU
		{5EE0B9C8-E20C-4EAE-8E88-177DE5925044}.Release|Any CPU.ActiveCfg = Release|Any CPU
		{5EE0B9C8-E20C-4EAE-8E88-177DE5925044}.Release|Any CPU.Build.0 = Release|Any CPU
		{505989C5-C99C-4F64-95F6-A9567BF635A2}.Debug|Any CPU.ActiveCfg = Debug|Any CPU
		{505989C5-C99C-4F64-95F6-A9567BF635A2}.Debug|Any CPU.Build.0 = Debug|Any CPU
		{505989C5-C99C-4F64-95F6-A9567BF635A2}.Release|Any CPU.ActiveCfg = Release|Any CPU
		{505989C5-C99C-4F64-95F6-A9567BF635A2}.Release|Any CPU.Build.0 = Release|Any CPU
	EndGlobalSection
	GlobalSection(SolutionProperties) = preSolution
		HideSolutionNode = FALSE
	EndGlobalSection
	GlobalSection(ExtensibilityGlobals) = postSolution
		SolutionGuid = {D8D05246-951A-47EA-861F-A2197A6EDB72}
	EndGlobalSection
EndGlobal
