
Microsoft Visual Studio Solution File, Format Version 12.00
# Visual Studio Version 16
VisualStudioVersion = 16.0.31105.61
MinimumVisualStudioVersion = 10.0.40219.1
Project("{9A19103F-16F7-4668-BE54-9A1E7A4F7556}") = "StatusInvestScraping", "StatusInvestScraping.csproj", "{B7CF9C27-7F76-4365-B438-8B3AD278D795}"
EndProject
Global
	GlobalSection(SolutionConfigurationPlatforms) = preSolution
		Debug|Any CPU = Debug|Any CPU
		Release|Any CPU = Release|Any CPU
	EndGlobalSection
	GlobalSection(ProjectConfigurationPlatforms) = postSolution
		{B7CF9C27-7F76-4365-B438-8B3AD278D795}.Debug|Any CPU.ActiveCfg = Debug|Any CPU
		{B7CF9C27-7F76-4365-B438-8B3AD278D795}.Debug|Any CPU.Build.0 = Debug|Any CPU
		{B7CF9C27-7F76-4365-B438-8B3AD278D795}.Release|Any CPU.ActiveCfg = Release|Any CPU
		{B7CF9C27-7F76-4365-B438-8B3AD278D795}.Release|Any CPU.Build.0 = Release|Any CPU
	EndGlobalSection
	GlobalSection(SolutionProperties) = preSolution
		HideSolutionNode = FALSE
	EndGlobalSection
	GlobalSection(ExtensibilityGlobals) = postSolution
		SolutionGuid = {65F3BBFC-0079-45FB-9E49-704F34B09596}
	EndGlobalSection
EndGlobal
